
Microsoft Visual Studio Solution File, Format Version 12.00
# Visual Studio 14
VisualStudioVersion = 14.0.25420.1
MinimumVisualStudioVersion = 10.0.40219.1
Project("{8BC9CEB8-8B4A-11D0-8D11-00A0C91BC942}") = "UnitTest1", "UnitTest1\UnitTest1.vcxproj", "{745993CC-B5D2-4845-A19E-8EC747D8CDBA}"
EndProject
Project("{8BC9CEB8-8B4A-11D0-8D11-00A0C91BC942}") = "MastermindCPPDLL", "MastermindCPPDLL\MastermindCPPDLL.vcxproj", "{F6320E43-7450-4317-8A8F-9AD198D88C89}"
EndProject
Project("{8BC9CEB8-8B4A-11D0-8D11-00A0C91BC942}") = "MastermindCPP", "MastermindCPP\MastermindCPP.vcxproj", "{9462902E-11FB-3BF7-A19A-6E4450B4F619}"
EndProject
Global
	GlobalSection(SolutionConfigurationPlatforms) = preSolution
		Debug|x64 = Debug|x64
		Debug|x86 = Debug|x86
		Release_PG|x64 = Release_PG|x64
		Release_PG|x86 = Release_PG|x86
		Release|x64 = Release|x64
		Release|x86 = Release|x86
	EndGlobalSection
	GlobalSection(ProjectConfigurationPlatforms) = postSolution
		{745993CC-B5D2-4845-A19E-8EC747D8CDBA}.Debug|x64.ActiveCfg = Debug|x64
		{745993CC-B5D2-4845-A19E-8EC747D8CDBA}.Debug|x64.Build.0 = Debug|x64
		{745993CC-B5D2-4845-A19E-8EC747D8CDBA}.Debug|x86.ActiveCfg = Debug|x64
		{745993CC-B5D2-4845-A19E-8EC747D8CDBA}.Debug|x86.Build.0 = Debug|x64
		{745993CC-B5D2-4845-A19E-8EC747D8CDBA}.Release_PG|x64.ActiveCfg = Release_PG|x64
		{745993CC-B5D2-4845-A19E-8EC747D8CDBA}.Release_PG|x64.Build.0 = Release_PG|x64
		{745993CC-B5D2-4845-A19E-8EC747D8CDBA}.Release_PG|x86.ActiveCfg = Release_PG|Win32
		{745993CC-B5D2-4845-A19E-8EC747D8CDBA}.Release_PG|x86.Build.0 = Release_PG|Win32
		{745993CC-B5D2-4845-A19E-8EC747D8CDBA}.Release|x64.ActiveCfg = Release|x64
		{745993CC-B5D2-4845-A19E-8EC747D8CDBA}.Release|x64.Build.0 = Release|x64
		{745993CC-B5D2-4845-A19E-8EC747D8CDBA}.Release|x86.ActiveCfg = Release|Win32
		{745993CC-B5D2-4845-A19E-8EC747D8CDBA}.Release|x86.Build.0 = Release|Win32
		{F6320E43-7450-4317-8A8F-9AD198D88C89}.Debug|x64.ActiveCfg = Debug|x64
		{F6320E43-7450-4317-8A8F-9AD198D88C89}.Debug|x64.Build.0 = Debug|x64
		{F6320E43-7450-4317-8A8F-9AD198D88C89}.Debug|x86.ActiveCfg = Debug|x64
		{F6320E43-7450-4317-8A8F-9AD198D88C89}.Debug|x86.Build.0 = Debug|x64
		{F6320E43-7450-4317-8A8F-9AD198D88C89}.Release_PG|x64.ActiveCfg = Release_PG|x64
		{F6320E43-7450-4317-8A8F-9AD198D88C89}.Release_PG|x64.Build.0 = Release_PG|x64
		{F6320E43-7450-4317-8A8F-9AD198D88C89}.Release_PG|x86.ActiveCfg = Release_PG|Win32
		{F6320E43-7450-4317-8A8F-9AD198D88C89}.Release_PG|x86.Build.0 = Release_PG|Win32
		{F6320E43-7450-4317-8A8F-9AD198D88C89}.Release|x64.ActiveCfg = Release|x64
		{F6320E43-7450-4317-8A8F-9AD198D88C89}.Release|x64.Build.0 = Release|x64
		{F6320E43-7450-4317-8A8F-9AD198D88C89}.Release|x86.ActiveCfg = Release|Win32
		{F6320E43-7450-4317-8A8F-9AD198D88C89}.Release|x86.Build.0 = Release|Win32
		{9462902E-11FB-3BF7-A19A-6E4450B4F619}.Debug|x64.ActiveCfg = Debug|x64
		{9462902E-11FB-3BF7-A19A-6E4450B4F619}.Debug|x86.ActiveCfg = Debug|x64
		{9462902E-11FB-3BF7-A19A-6E4450B4F619}.Release_PG|x64.ActiveCfg = Release|x64
		{9462902E-11FB-3BF7-A19A-6E4450B4F619}.Release_PG|x64.Build.0 = Release|x64
		{9462902E-11FB-3BF7-A19A-6E4450B4F619}.Release_PG|x86.ActiveCfg = Release|x64
		{9462902E-11FB-3BF7-A19A-6E4450B4F619}.Release_PG|x86.Build.0 = Release|x64
		{9462902E-11FB-3BF7-A19A-6E4450B4F619}.Release|x64.ActiveCfg = Release|x64
		{9462902E-11FB-3BF7-A19A-6E4450B4F619}.Release|x64.Build.0 = Release|x64
		{9462902E-11FB-3BF7-A19A-6E4450B4F619}.Release|x86.ActiveCfg = Release|x64
	EndGlobalSection
	GlobalSection(SolutionProperties) = preSolution
		HideSolutionNode = FALSE
	EndGlobalSection
	GlobalSection(ExtensibilityGlobals) = postSolution
		Qt5Version = msvc2015
	EndGlobalSection
EndGlobal
